
Microsoft Visual Studio Solution File, Format Version 12.00
# Visual Studio 2012
Project("{FAE04EC0-301F-11D3-BF4B-00C04F79EFBC}") = "FizzBuzz.Tests", "FizzBuzz.Tests\FizzBuzz.Tests.csproj", "{C1E4EDA9-3950-4AEA-B353-927E500301E3}"
EndProject
Project("{FAE04EC0-301F-11D3-BF4B-00C04F79EFBC}") = "FizzBuzz", "FizzBuzz\FizzBuzz.csproj", "{B3CCBAE7-4957-4977-8AAC-B98D70A7248B}"
EndProject
Global
	GlobalSection(SolutionConfigurationPlatforms) = preSolution
		Debug|Any CPU = Debug|Any CPU
		Release|Any CPU = Release|Any CPU
	EndGlobalSection
	GlobalSection(ProjectConfigurationPlatforms) = postSolution
		{C1E4EDA9-3950-4AEA-B353-927E500301E3}.Debug|Any CPU.ActiveCfg = Debug|Any CPU
		{C1E4EDA9-3950-4AEA-B353-927E500301E3}.Debug|Any CPU.Build.0 = Debug|Any CPU
		{C1E4EDA9-3950-4AEA-B353-927E500301E3}.Release|Any CPU.ActiveCfg = Release|Any CPU
		{C1E4EDA9-3950-4AEA-B353-927E500301E3}.Release|Any CPU.Build.0 = Release|Any CPU
		{B3CCBAE7-4957-4977-8AAC-B98D70A7248B}.Debug|Any CPU.ActiveCfg = Debug|Any CPU
		{B3CCBAE7-4957-4977-8AAC-B98D70A7248B}.Debug|Any CPU.Build.0 = Debug|Any CPU
		{B3CCBAE7-4957-4977-8AAC-B98D70A7248B}.Release|Any CPU.ActiveCfg = Release|Any CPU
		{B3CCBAE7-4957-4977-8AAC-B98D70A7248B}.Release|Any CPU.Build.0 = Release|Any CPU
	EndGlobalSection
	GlobalSection(SolutionProperties) = preSolution
		HideSolutionNode = FALSE
	EndGlobalSection
EndGlobal
